// !$*UTF8*$!
{
	archiveVersion = 1;
	classes = {
	};
	objectVersion = 50;
	objects = {

/* Begin PBXBuildFile section */
		5005644B21AD77DA00BE1156 /* AppDelegate.swift in Sources */ = {isa = PBXBuildFile; fileRef = 5005644A21AD77DA00BE1156 /* AppDelegate.swift */; };
		5005644D21AD77DA00BE1156 /* MainViewController.swift in Sources */ = {isa = PBXBuildFile; fileRef = 5005644C21AD77DA00BE1156 /* MainViewController.swift */; };
		5005645021AD77DA00BE1156 /* Main.storyboard in Resources */ = {isa = PBXBuildFile; fileRef = 5005644E21AD77DA00BE1156 /* Main.storyboard */; };
		5005645221AD77DC00BE1156 /* Assets.xcassets in Resources */ = {isa = PBXBuildFile; fileRef = 5005645121AD77DC00BE1156 /* Assets.xcassets */; };
		5005645521AD77DC00BE1156 /* LaunchScreen.storyboard in Resources */ = {isa = PBXBuildFile; fileRef = 5005645321AD77DC00BE1156 /* LaunchScreen.storyboard */; };
		5005646121AD7EBB00BE1156 /* City.swift in Sources */ = {isa = PBXBuildFile; fileRef = 5005646021AD7EBB00BE1156 /* City.swift */; };
		5080920C21AEC03E008B92B4 /* QueryService.swift in Sources */ = {isa = PBXBuildFile; fileRef = 5080920B21AEC03E008B92B4 /* QueryService.swift */; };
		5096498221B4596000983816 /* Sunrise-icon.png in Resources */ = {isa = PBXBuildFile; fileRef = 5096498021B4596000983816 /* Sunrise-icon.png */; };
		5096498321B4596000983816 /* Sunset-icon.png in Resources */ = {isa = PBXBuildFile; fileRef = 5096498121B4596000983816 /* Sunset-icon.png */; };
		50F5207921B18D3100EDCA39 /* CityCell.swift in Sources */ = {isa = PBXBuildFile; fileRef = 50F5207821B18D3100EDCA39 /* CityCell.swift */; };
		50F731F621B4855E006B12AA /* Geoposition.swift in Sources */ = {isa = PBXBuildFile; fileRef = 50F731F521B4855E006B12AA /* Geoposition.swift */; };
/* End PBXBuildFile section */

/* Begin PBXFileReference section */
		5005644721AD77DA00BE1156 /* Sunset_Sunrise.app */ = {isa = PBXFileReference; explicitFileType = wrapper.application; includeInIndex = 0; path = Sunset_Sunrise.app; sourceTree = BUILT_PRODUCTS_DIR; };
		5005644A21AD77DA00BE1156 /* AppDelegate.swift */ = {isa = PBXFileReference; lastKnownFileType = sourcecode.swift; path = AppDelegate.swift; sourceTree = "<group>"; };
		5005644C21AD77DA00BE1156 /* MainViewController.swift */ = {isa = PBXFileReference; lastKnownFileType = sourcecode.swift; path = MainViewController.swift; sourceTree = "<group>"; };
		5005644F21AD77DA00BE1156 /* Base */ = {isa = PBXFileReference; lastKnownFileType = file.storyboard; name = Base; path = Base.lproj/Main.storyboard; sourceTree = "<group>"; };
		5005645121AD77DC00BE1156 /* Assets.xcassets */ = {isa = PBXFileReference; lastKnownFileType = folder.assetcatalog; path = Assets.xcassets; sourceTree = "<group>"; };
		5005645421AD77DC00BE1156 /* Base */ = {isa = PBXFileReference; lastKnownFileType = file.storyboard; name = Base; path = Base.lproj/LaunchScreen.storyboard; sourceTree = "<group>"; };
		5005645621AD77DC00BE1156 /* Info.plist */ = {isa = PBXFileReference; lastKnownFileType = text.plist.xml; path = Info.plist; sourceTree = "<group>"; };
		5005646021AD7EBB00BE1156 /* City.swift */ = {isa = PBXFileReference; lastKnownFileType = sourcecode.swift; path = City.swift; sourceTree = "<group>"; };
		5080920B21AEC03E008B92B4 /* QueryService.swift */ = {isa = PBXFileReference; lastKnownFileType = sourcecode.swift; path = QueryService.swift; sourceTree = "<group>"; };
		5096498021B4596000983816 /* Sunrise-icon.png */ = {isa = PBXFileReference; lastKnownFileType = image.png; path = "Sunrise-icon.png"; sourceTree = "<group>"; };
		5096498121B4596000983816 /* Sunset-icon.png */ = {isa = PBXFileReference; lastKnownFileType = image.png; path = "Sunset-icon.png"; sourceTree = "<group>"; };
		50F5207821B18D3100EDCA39 /* CityCell.swift */ = {isa = PBXFileReference; lastKnownFileType = sourcecode.swift; path = CityCell.swift; sourceTree = "<group>"; };
		50F731F521B4855E006B12AA /* Geoposition.swift */ = {isa = PBXFileReference; lastKnownFileType = sourcecode.swift; path = Geoposition.swift; sourceTree = "<group>"; };
/* End PBXFileReference section */

/* Begin PBXFrameworksBuildPhase section */
		5005644421AD77DA00BE1156 /* Frameworks */ = {
			isa = PBXFrameworksBuildPhase;
			buildActionMask = 2147483647;
			files = (
			);
			runOnlyForDeploymentPostprocessing = 0;
		};
/* End PBXFrameworksBuildPhase section */

/* Begin PBXGroup section */
		5005643E21AD77DA00BE1156 = {
			isa = PBXGroup;
			children = (
				5005644921AD77DA00BE1156 /* Sunset_Sunrise */,
				5005644821AD77DA00BE1156 /* Products */,
			);
			sourceTree = "<group>";
		};
		5005644821AD77DA00BE1156 /* Products */ = {
			isa = PBXGroup;
			children = (
				5005644721AD77DA00BE1156 /* Sunset_Sunrise.app */,
			);
			name = Products;
			sourceTree = "<group>";
		};
		5005644921AD77DA00BE1156 /* Sunset_Sunrise */ = {
			isa = PBXGroup;
			children = (
				5005644A21AD77DA00BE1156 /* AppDelegate.swift */,
				5005644C21AD77DA00BE1156 /* MainViewController.swift */,
				5005644E21AD77DA00BE1156 /* Main.storyboard */,
				5005645121AD77DC00BE1156 /* Assets.xcassets */,
				5096498021B4596000983816 /* Sunrise-icon.png */,
				5096498121B4596000983816 /* Sunset-icon.png */,
				5005645321AD77DC00BE1156 /* LaunchScreen.storyboard */,
				5005645621AD77DC00BE1156 /* Info.plist */,
				5005646021AD7EBB00BE1156 /* City.swift */,
				5080920B21AEC03E008B92B4 /* QueryService.swift */,
				50F5207821B18D3100EDCA39 /* CityCell.swift */,
				50F731F521B4855E006B12AA /* Geoposition.swift */,
			);
			path = Sunset_Sunrise;
			sourceTree = "<group>";
		};
/* End PBXGroup section */

/* Begin PBXNativeTarget section */
		5005644621AD77DA00BE1156 /* Sunset_Sunrise */ = {
			isa = PBXNativeTarget;
			buildConfigurationList = 5005645921AD77DC00BE1156 /* Build configuration list for PBXNativeTarget "Sunset_Sunrise" */;
			buildPhases = (
				5005644321AD77DA00BE1156 /* Sources */,
				5005644421AD77DA00BE1156 /* Frameworks */,
				5005644521AD77DA00BE1156 /* Resources */,
			);
			buildRules = (
			);
			dependencies = (
			);
			name = Sunset_Sunrise;
			productName = Sunset_Sunrise;
			productReference = 5005644721AD77DA00BE1156 /* Sunset_Sunrise.app */;
			productType = "com.apple.product-type.application";
		};
/* End PBXNativeTarget section */

/* Begin PBXProject section */
		5005643F21AD77DA00BE1156 /* Project object */ = {
			isa = PBXProject;
			attributes = {
				LastSwiftUpdateCheck = 0940;
				LastUpgradeCheck = 0940;
				ORGANIZATIONNAME = "Ostap Benko";
				TargetAttributes = {
					5005644621AD77DA00BE1156 = {
						CreatedOnToolsVersion = 9.4.1;
					};
				};
			};
			buildConfigurationList = 5005644221AD77DA00BE1156 /* Build configuration list for PBXProject "Sunset_Sunrise" */;
			compatibilityVersion = "Xcode 9.3";
			developmentRegion = en;
			hasScannedForEncodings = 0;
			knownRegions = (
				en,
				Base,
			);
			mainGroup = 5005643E21AD77DA00BE1156;
			productRefGroup = 5005644821AD77DA00BE1156 /* Products */;
			projectDirPath = "";
			projectRoot = "";
			targets = (
				5005644621AD77DA00BE1156 /* Sunset_Sunrise */,
			);
		};
/* End PBXProject section */

/* Begin PBXResourcesBuildPhase section */
		5005644521AD77DA00BE1156 /* Resources */ = {
			isa = PBXResourcesBuildPhase;
			buildActionMask = 2147483647;
			files = (
				5005645521AD77DC00BE1156 /* LaunchScreen.storyboard in Resources */,
				5005645221AD77DC00BE1156 /* Assets.xcassets in Resources */,
				5096498221B4596000983816 /* Sunrise-icon.png in Resources */,
				5096498321B4596000983816 /* Sunset-icon.png in Resources */,
				5005645021AD77DA00BE1156 /* Main.storyboard in Resources */,
			);
			runOnlyForDeploymentPostprocessing = 0;
		};
/* End PBXResourcesBuildPhase section */

/* Begin PBXSourcesBuildPhase section */
		5005644321AD77DA00BE1156 /* Sources */ = {
			isa = PBXSourcesBuildPhase;
			buildActionMask = 2147483647;
			files = (
				5080920C21AEC03E008B92B4 /* QueryService.swift in Sources */,
				5005644D21AD77DA00BE1156 /* MainViewController.swift in Sources */,
				50F731F621B4855E006B12AA /* Geoposition.swift in Sources */,
				50F5207921B18D3100EDCA39 /* CityCell.swift in Sources */,
				5005644B21AD77DA00BE1156 /* AppDelegate.swift in Sources */,
				5005646121AD7EBB00BE1156 /* City.swift in Sources */,
			);
			runOnlyForDeploymentPostprocessing = 0;
		};
/* End PBXSourcesBuildPhase section */

/* Begin PBXVariantGroup section */
		5005644E21AD77DA00BE1156 /* Main.storyboard */ = {
			isa = PBXVariantGroup;
			children = (
				5005644F21AD77DA00BE1156 /* Base */,
			);
			name = Main.storyboard;
			sourceTree = "<group>";
		};
		5005645321AD77DC00BE1156 /* LaunchScreen.storyboard */ = {
			isa = PBXVariantGroup;
			children = (
				5005645421AD77DC00BE1156 /* Base */,
			);
			name = LaunchScreen.storyboard;
			sourceTree = "<group>";
		};
/* End PBXVariantGroup section */

/* Begin XCBuildConfiguration section */
		5005645721AD77DC00BE1156 /* Debug */ = {
			isa = XCBuildConfiguration;
			buildSettings = {
				ALWAYS_SEARCH_USER_PATHS = NO;
				CLANG_ANALYZER_NONNULL = YES;
				CLANG_ANALYZER_NUMBER_OBJECT_CONVERSION = YES_AGGRESSIVE;
				CLANG_CXX_LANGUAGE_STANDARD = "gnu++14";
				CLANG_CXX_LIBRARY = "libc++";
				CLANG_ENABLE_MODULES = YES;
				CLANG_ENABLE_OBJC_ARC = YES;
				CLANG_ENABLE_OBJC_WEAK = YES;
				CLANG_WARN_BLOCK_CAPTURE_AUTORELEASING = YES;
				CLANG_WARN_BOOL_CONVERSION = YES;
				CLANG_WARN_COMMA = YES;
				CLANG_WARN_CONSTANT_CONVERSION = YES;
				CLANG_WARN_DEPRECATED_OBJC_IMPLEMENTATIONS = YES;
				CLANG_WARN_DIRECT_OBJC_ISA_USAGE = YES_ERROR;
				CLANG_WARN_DOCUMENTATION_COMMENTS = YES;
				CLANG_WARN_EMPTY_BODY = YES;
				CLANG_WARN_ENUM_CONVERSION = YES;
				CLANG_WARN_INFINITE_RECURSION = YES;
				CLANG_WARN_INT_CONVERSION = YES;
				CLANG_WARN_NON_LITERAL_NULL_CONVERSION = YES;
				CLANG_WARN_OBJC_IMPLICIT_RETAIN_SELF = YES;
				CLANG_WARN_OBJC_LITERAL_CONVERSION = YES;
				CLANG_WARN_OBJC_ROOT_CLASS = YES_ERROR;
				CLANG_WARN_RANGE_LOOP_ANALYSIS = YES;
				CLANG_WARN_STRICT_PROTOTYPES = YES;
				CLANG_WARN_SUSPICIOUS_MOVE = YES;
				CLANG_WARN_UNGUARDED_AVAILABILITY = YES_AGGRESSIVE;
				CLANG_WARN_UNREACHABLE_CODE = YES;
				CLANG_WARN__DUPLICATE_METHOD_MATCH = YES;
				CODE_SIGN_IDENTITY = "iPhone Developer";
				COPY_PHASE_STRIP = NO;
				DEBUG_INFORMATION_FORMAT = dwarf;
				ENABLE_STRICT_OBJC_MSGSEND = YES;
				ENABLE_TESTABILITY = YES;
				GCC_C_LANGUAGE_STANDARD = gnu11;
				GCC_DYNAMIC_NO_PIC = NO;
				GCC_NO_COMMON_BLOCKS = YES;
				GCC_OPTIMIZATION_LEVEL = 0;
				GCC_PREPROCESSOR_DEFINITIONS = (
					"DEBUG=1",
					"$(inherited)",
				);
				GCC_WARN_64_TO_32_BIT_CONVERSION = YES;
				GCC_WARN_ABOUT_RETURN_TYPE = YES_ERROR;
				GCC_WARN_UNDECLARED_SELECTOR = YES;
				GCC_WARN_UNINITIALIZED_AUTOS = YES_AGGRESSIVE;
				GCC_WARN_UNUSED_FUNCTION = YES;
				GCC_WARN_UNUSED_VARIABLE = YES;
				IPHONEOS_DEPLOYMENT_TARGET = 12.1;
				MTL_ENABLE_DEBUG_INFO = YES;
				ONLY_ACTIVE_ARCH = YES;
				SDKROOT = iphoneos;
				SWIFT_ACTIVE_COMPILATION_CONDITIONS = DEBUG;
				SWIFT_OPTIMIZATION_LEVEL = "-Onone";
			};
			name = Debug;
		};
		5005645821AD77DC00BE1156 /* Release */ = {
			isa = XCBuildConfiguration;
			buildSettings = {
				ALWAYS_SEARCH_USER_PATHS = NO;
				CLANG_ANALYZER_NONNULL = YES;
				CLANG_ANALYZER_NUMBER_OBJECT_CONVERSION = YES_AGGRESSIVE;
				CLANG_CXX_LANGUAGE_STANDARD = "gnu++14";
				CLANG_CXX_LIBRARY = "libc++";
				CLANG_ENABLE_MODULES = YES;
				CLANG_ENABLE_OBJC_ARC = YES;
				CLANG_ENABLE_OBJC_WEAK = YES;
				CLANG_WARN_BLOCK_CAPTURE_AUTORELEASING = YES;
				CLANG_WARN_BOOL_CONVERSION = YES;
				CLANG_WARN_COMMA = YES;
				CLANG_WARN_CONSTANT_CONVERSION = YES;
				CLANG_WARN_DEPRECATED_OBJC_IMPLEMENTATIONS = YES;
				CLANG_WARN_DIRECT_OBJC_ISA_USAGE = YES_ERROR;
				CLANG_WARN_DOCUMENTATION_COMMENTS = YES;
				CLANG_WARN_EMPTY_BODY = YES;
				CLANG_WARN_ENUM_CONVERSION = YES;
				CLANG_WARN_INFINITE_RECURSION = YES;
				CLANG_WARN_INT_CONVERSION = YES;
				CLANG_WARN_NON_LITERAL_NULL_CONVERSION = YES;
				CLANG_WARN_OBJC_IMPLICIT_RETAIN_SELF = YES;
				CLANG_WARN_OBJC_LITERAL_CONVERSION = YES;
				CLANG_WARN_OBJC_ROOT_CLASS = YES_ERROR;
				CLANG_WARN_RANGE_LOOP_ANALYSIS = YES;
				CLANG_WARN_STRICT_PROTOTYPES = YES;
				CLANG_WARN_SUSPICIOUS_MOVE = YES;
				CLANG_WARN_UNGUARDED_AVAILABILITY = YES_AGGRESSIVE;
				CLANG_WARN_UNREACHABLE_CODE = YES;
				CLANG_WARN__DUPLICATE_METHOD_MATCH = YES;
				CODE_SIGN_IDENTITY = "iPhone Developer";
				COPY_PHASE_STRIP = NO;
				DEBUG_INFORMATION_FORMAT = "dwarf-with-dsym";
				ENABLE_NS_ASSERTIONS = NO;
				ENABLE_STRICT_OBJC_MSGSEND = YES;
				GCC_C_LANGUAGE_STANDARD = gnu11;
				GCC_NO_COMMON_BLOCKS = YES;
				GCC_WARN_64_TO_32_BIT_CONVERSION = YES;
				GCC_WARN_ABOUT_RETURN_TYPE = YES_ERROR;
				GCC_WARN_UNDECLARED_SELECTOR = YES;
				GCC_WARN_UNINITIALIZED_AUTOS = YES_AGGRESSIVE;
				GCC_WARN_UNUSED_FUNCTION = YES;
				GCC_WARN_UNUSED_VARIABLE = YES;
				IPHONEOS_DEPLOYMENT_TARGET = 12.1;
				MTL_ENABLE_DEBUG_INFO = NO;
				SDKROOT = iphoneos;
				SWIFT_COMPILATION_MODE = wholemodule;
				SWIFT_OPTIMIZATION_LEVEL = "-O";
				VALIDATE_PRODUCT = YES;
			};
			name = Release;
		};
		5005645A21AD77DC00BE1156 /* Debug */ = {
			isa = XCBuildConfiguration;
			buildSettings = {
				ASSETCATALOG_COMPILER_APPICON_NAME = AppIcon;
				CODE_SIGN_STYLE = Automatic;
				DEVELOPMENT_TEAM = 2CNG597B4R;
				INFOPLIST_FILE = Sunset_Sunrise/Info.plist;
				LD_RUNPATH_SEARCH_PATHS = (
					"$(inherited)",
					"@executable_path/Frameworks",
				);
				PRODUCT_BUNDLE_IDENTIFIER = "Inc.Sunset-Sunrise";
				PRODUCT_NAME = "$(TARGET_NAME)";
				SWIFT_VERSION = 4.0;
				TARGETED_DEVICE_FAMILY = 1;
			};
			name = Debug;
		};
		5005645B21AD77DC00BE1156 /* Release */ = {
			isa = XCBuildConfiguration;
			buildSettings = {
				ASSETCATALOG_COMPILER_APPICON_NAME = AppIcon;
				CODE_SIGN_STYLE = Automatic;
				DEVELOPMENT_TEAM = 2CNG597B4R;
				INFOPLIST_FILE = Sunset_Sunrise/Info.plist;
				LD_RUNPATH_SEARCH_PATHS = (
					"$(inherited)",
					"@executable_path/Frameworks",
				);
				PRODUCT_BUNDLE_IDENTIFIER = "Inc.Sunset-Sunrise";
				PRODUCT_NAME = "$(TARGET_NAME)";
				SWIFT_VERSION = 4.0;
				TARGETED_DEVICE_FAMILY = 1;
			};
			name = Release;
		};
/* End XCBuildConfiguration section */

/* Begin XCConfigurationList section */
		5005644221AD77DA00BE1156 /* Build configuration list for PBXProject "Sunset_Sunrise" */ = {
			isa = XCConfigurationList;
			buildConfigurations = (
				5005645721AD77DC00BE1156 /* Debug */,
				5005645821AD77DC00BE1156 /* Release */,
			);
			defaultConfigurationIsVisible = 0;
			defaultConfigurationName = Release;
		};
		5005645921AD77DC00BE1156 /* Build configuration list for PBXNativeTarget "Sunset_Sunrise" */ = {
			isa = XCConfigurationList;
			buildConfigurations = (
				5005645A21AD77DC00BE1156 /* Debug */,
				5005645B21AD77DC00BE1156 /* Release */,
			);
			defaultConfigurationIsVisible = 0;
			defaultConfigurationName = Release;
		};
/* End XCConfigurationList section */
	};
	rootObject = 5005643F21AD77DA00BE1156 /* Project object */;
}
